// !$*UTF8*$!
{
	archiveVersion = 1;
	classes = {
	};
	objectVersion = 52;
	objects = {

/* Begin PBXBuildFile section */
		2AFC37DA25558E9F00D1733F /* AppDelegate.swift in Sources */ = {isa = PBXBuildFile; fileRef = 2AFC37D925558E9F00D1733F /* AppDelegate.swift */; };
		2AFC37DC25558E9F00D1733F /* SceneDelegate.swift in Sources */ = {isa = PBXBuildFile; fileRef = 2AFC37DB25558E9F00D1733F /* SceneDelegate.swift */; };
		2AFC37DE25558E9F00D1733F /* ViewController.swift in Sources */ = {isa = PBXBuildFile; fileRef = 2AFC37DD25558E9F00D1733F /* ViewController.swift */; };
		2AFC37E125558E9F00D1733F /* Main.storyboard in Resources */ = {isa = PBXBuildFile; fileRef = 2AFC37DF25558E9F00D1733F /* Main.storyboard */; };
		2AFC37E325558EA400D1733F /* Assets.xcassets in Resources */ = {isa = PBXBuildFile; fileRef = 2AFC37E225558EA400D1733F /* Assets.xcassets */; };
		2AFC37E625558EA400D1733F /* LaunchScreen.storyboard in Resources */ = {isa = PBXBuildFile; fileRef = 2AFC37E425558EA400D1733F /* LaunchScreen.storyboard */; };
		2AFC37EE2555912500D1733F /* CollectionViewCell.swift in Sources */ = {isa = PBXBuildFile; fileRef = 2AFC37ED2555912500D1733F /* CollectionViewCell.swift */; };
/* End PBXBuildFile section */

/* Begin PBXFileReference section */
		2AFC37D625558E9F00D1733F /* MultiCollectionViewInOneVC.app */ = {isa = PBXFileReference; explicitFileType = wrapper.application; includeInIndex = 0; path = MultiCollectionViewInOneVC.app; sourceTree = BUILT_PRODUCTS_DIR; };
		2AFC37D925558E9F00D1733F /* AppDelegate.swift */ = {isa = PBXFileReference; lastKnownFileType = sourcecode.swift; path = AppDelegate.swift; sourceTree = "<group>"; };
		2AFC37DB25558E9F00D1733F /* SceneDelegate.swift */ = {isa = PBXFileReference; lastKnownFileType = sourcecode.swift; path = SceneDelegate.swift; sourceTree = "<group>"; };
		2AFC37DD25558E9F00D1733F /* ViewController.swift */ = {isa = PBXFileReference; lastKnownFileType = sourcecode.swift; path = ViewController.swift; sourceTree = "<group>"; };
		2AFC37E025558E9F00D1733F /* Base */ = {isa = PBXFileReference; lastKnownFileType = file.storyboard; name = Base; path = Base.lproj/Main.storyboard; sourceTree = "<group>"; };
		2AFC37E225558EA400D1733F /* Assets.xcassets */ = {isa = PBXFileReference; lastKnownFileType = folder.assetcatalog; path = Assets.xcassets; sourceTree = "<group>"; };
		2AFC37E525558EA400D1733F /* Base */ = {isa = PBXFileReference; lastKnownFileType = file.storyboard; name = Base; path = Base.lproj/LaunchScreen.storyboard; sourceTree = "<group>"; };
		2AFC37E725558EA400D1733F /* Info.plist */ = {isa = PBXFileReference; lastKnownFileType = text.plist.xml; path = Info.plist; sourceTree = "<group>"; };
		2AFC37ED2555912500D1733F /* CollectionViewCell.swift */ = {isa = PBXFileReference; lastKnownFileType = sourcecode.swift; path = CollectionViewCell.swift; sourceTree = "<group>"; };
/* End PBXFileReference section */

/* Begin PBXFrameworksBuildPhase section */
		2AFC37D325558E9F00D1733F /* Frameworks */ = {
			isa = PBXFrameworksBuildPhase;
			buildActionMask = 2147483647;
			files = (
			);
			runOnlyForDeploymentPostprocessing = 0;
		};
/* End PBXFrameworksBuildPhase section */

/* Begin PBXGroup section */
		2AFC37CD25558E9F00D1733F = {
			isa = PBXGroup;
			children = (
				2AFC37D825558E9F00D1733F /* MultiCollectionViewInOneVC */,
				2AFC37D725558E9F00D1733F /* Products */,
			);
			sourceTree = "<group>";
		};
		2AFC37D725558E9F00D1733F /* Products */ = {
			isa = PBXGroup;
			children = (
				2AFC37D625558E9F00D1733F /* MultiCollectionViewInOneVC.app */,
			);
			name = Products;
			sourceTree = "<group>";
		};
		2AFC37D825558E9F00D1733F /* MultiCollectionViewInOneVC */ = {
			isa = PBXGroup;
			children = (
				2AFC37D925558E9F00D1733F /* AppDelegate.swift */,
				2AFC37DB25558E9F00D1733F /* SceneDelegate.swift */,
				2AFC37DD25558E9F00D1733F /* ViewController.swift */,
				2AFC37ED2555912500D1733F /* CollectionViewCell.swift */,
				2AFC37DF25558E9F00D1733F /* Main.storyboard */,
				2AFC37E225558EA400D1733F /* Assets.xcassets */,
				2AFC37E425558EA400D1733F /* LaunchScreen.storyboard */,
				2AFC37E725558EA400D1733F /* Info.plist */,
			);
			path = MultiCollectionViewInOneVC;
			sourceTree = "<group>";
		};
/* End PBXGroup section */

/* Begin PBXNativeTarget section */
		2AFC37D525558E9F00D1733F /* MultiCollectionViewInOneVC */ = {
			isa = PBXNativeTarget;
			buildConfigurationList = 2AFC37EA25558EA400D1733F /* Build configuration list for PBXNativeTarget "MultiCollectionViewInOneVC" */;
			buildPhases = (
				2AFC37D225558E9F00D1733F /* Sources */,
				2AFC37D325558E9F00D1733F /* Frameworks */,
				2AFC37D425558E9F00D1733F /* Resources */,
			);
			buildRules = (
			);
			dependencies = (
			);
			name = MultiCollectionViewInOneVC;
			productName = MultiCollectionViewInOneVC;
			productReference = 2AFC37D625558E9F00D1733F /* MultiCollectionViewInOneVC.app */;
			productType = "com.apple.product-type.application";
		};
/* End PBXNativeTarget section */

/* Begin PBXProject section */
		2AFC37CE25558E9F00D1733F /* Project object */ = {
			isa = PBXProject;
			attributes = {
				LastSwiftUpdateCheck = 1110;
				LastUpgradeCheck = 1110;
				ORGANIZATIONNAME = "Md Khaled Hasan Manna";
				TargetAttributes = {
					2AFC37D525558E9F00D1733F = {
						CreatedOnToolsVersion = 11.1;
					};
				};
			};
			buildConfigurationList = 2AFC37D125558E9F00D1733F /* Build configuration list for PBXProject "MultiCollectionViewInOneVC" */;
			compatibilityVersion = "Xcode 11.0";
			developmentRegion = en;
			hasScannedForEncodings = 0;
			knownRegions = (
				en,
				Base,
			);
			mainGroup = 2AFC37CD25558E9F00D1733F;
			productRefGroup = 2AFC37D725558E9F00D1733F /* Products */;
			projectDirPath = "";
			projectRoot = "";
			targets = (
				2AFC37D525558E9F00D1733F /* MultiCollectionViewInOneVC */,
			);
		};
/* End PBXProject section */

/* Begin PBXResourcesBuildPhase section */
		2AFC37D425558E9F00D1733F /* Resources */ = {
			isa = PBXResourcesBuildPhase;
			buildActionMask = 2147483647;
			files = (
				2AFC37E625558EA400D1733F /* LaunchScreen.storyboard in Resources */,
				2AFC37E325558EA400D1733F /* Assets.xcassets in Resources */,
				2AFC37E125558E9F00D1733F /* Main.storyboard in Resources */,
			);
			runOnlyForDeploymentPostprocessing = 0;
		};
/* End PBXResourcesBuildPhase section */

/* Begin PBXSourcesBuildPhase section */
		2AFC37D225558E9F00D1733F /* Sources */ = {
			isa = PBXSourcesBuildPhase;
			buildActionMask = 2147483647;
			files = (
				2AFC37DE25558E9F00D1733F /* ViewController.swift in Sources */,
				2AFC37DA25558E9F00D1733F /* AppDelegate.swift in Sources */,
				2AFC37EE2555912500D1733F /* CollectionViewCell.swift in Sources */,
				2AFC37DC25558E9F00D1733F /* SceneDelegate.swift in Sources */,
			);
			runOnlyForDeploymentPostprocessing = 0;
		};
/* End PBXSourcesBuildPhase section */

/* Begin PBXVariantGroup section */
		2AFC37DF25558E9F00D1733F /* Main.storyboard */ = {
			isa = PBXVariantGroup;
			children = (
				2AFC37E025558E9F00D1733F /* Base */,
			);
			name = Main.storyboard;
			sourceTree = "<group>";
		};
		2AFC37E425558EA400D1733F /* LaunchScreen.storyboard */ = {
			isa = PBXVariantGroup;
			children = (
				2AFC37E525558EA400D1733F /* Base */,
			);
			name = LaunchScreen.storyboard;
			sourceTree = "<group>";
		};
/* End PBXVariantGroup section */

/* Begin XCBuildConfiguration section */
		2AFC37E825558EA400D1733F /* Debug */ = {
			isa = XCBuildConfiguration;
			buildSettings = {
				ALWAYS_SEARCH_USER_PATHS = NO;
				CLANG_ANALYZER_NONNULL = YES;
				CLANG_ANALYZER_NUMBER_OBJECT_CONVERSION = YES_AGGRESSIVE;
				CLANG_CXX_LANGUAGE_STANDARD = "gnu++14";
				CLANG_CXX_LIBRARY = "libc++";
				CLANG_ENABLE_MODULES = YES;
				CLANG_ENABLE_OBJC_ARC = YES;
				CLANG_ENABLE_OBJC_WEAK = YES;
				CLANG_WARN_BLOCK_CAPTURE_AUTORELEASING = YES;
				CLANG_WARN_BOOL_CONVERSION = YES;
				CLANG_WARN_COMMA = YES;
				CLANG_WARN_CONSTANT_CONVERSION = YES;
				CLANG_WARN_DEPRECATED_OBJC_IMPLEMENTATIONS = YES;
				CLANG_WARN_DIRECT_OBJC_ISA_USAGE = YES_ERROR;
				CLANG_WARN_DOCUMENTATION_COMMENTS = YES;
				CLANG_WARN_EMPTY_BODY = YES;
				CLANG_WARN_ENUM_CONVERSION = YES;
				CLANG_WARN_INFINITE_RECURSION = YES;
				CLANG_WARN_INT_CONVERSION = YES;
				CLANG_WARN_NON_LITERAL_NULL_CONVERSION = YES;
				CLANG_WARN_OBJC_IMPLICIT_RETAIN_SELF = YES;
				CLANG_WARN_OBJC_LITERAL_CONVERSION = YES;
				CLANG_WARN_OBJC_ROOT_CLASS = YES_ERROR;
				CLANG_WARN_RANGE_LOOP_ANALYSIS = YES;
				CLANG_WARN_STRICT_PROTOTYPES = YES;
				CLANG_WARN_SUSPICIOUS_MOVE = YES;
				CLANG_WARN_UNGUARDED_AVAILABILITY = YES_AGGRESSIVE;
				CLANG_WARN_UNREACHABLE_CODE = YES;
				CLANG_WARN__DUPLICATE_METHOD_MATCH = YES;
				COPY_PHASE_STRIP = NO;
				DEBUG_INFORMATION_FORMAT = dwarf;
				ENABLE_STRICT_OBJC_MSGSEND = YES;
				ENABLE_TESTABILITY = YES;
				GCC_C_LANGUAGE_STANDARD = gnu11;
				GCC_DYNAMIC_NO_PIC = NO;
				GCC_NO_COMMON_BLOCKS = YES;
				GCC_OPTIMIZATION_LEVEL = 0;
				GCC_PREPROCESSOR_DEFINITIONS = (
					"DEBUG=1",
					"$(inherited)",
				);
				GCC_WARN_64_TO_32_BIT_CONVERSION = YES;
				GCC_WARN_ABOUT_RETURN_TYPE = YES_ERROR;
				GCC_WARN_UNDECLARED_SELECTOR = YES;
				GCC_WARN_UNINITIALIZED_AUTOS = YES_AGGRESSIVE;
				GCC_WARN_UNUSED_FUNCTION = YES;
				GCC_WARN_UNUSED_VARIABLE = YES;
				IPHONEOS_DEPLOYMENT_TARGET = 13.1;
				MTL_ENABLE_DEBUG_INFO = INCLUDE_SOURCE;
				MTL_FAST_MATH = YES;
				ONLY_ACTIVE_ARCH = YES;
				SDKROOT = iphoneos;
				SWIFT_ACTIVE_COMPILATION_CONDITIONS = DEBUG;
				SWIFT_OPTIMIZATION_LEVEL = "-Onone";
			};
			name = Debug;
		};
		2AFC37E925558EA400D1733F /* Release */ = {
			isa = XCBuildConfiguration;
			buildSettings = {
				ALWAYS_SEARCH_USER_PATHS = NO;
				CLANG_ANALYZER_NONNULL = YES;
				CLANG_ANALYZER_NUMBER_OBJECT_CONVERSION = YES_AGGRESSIVE;
				CLANG_CXX_LANGUAGE_STANDARD = "gnu++14";
				CLANG_CXX_LIBRARY = "libc++";
				CLANG_ENABLE_MODULES = YES;
				CLANG_ENABLE_OBJC_ARC = YES;
				CLANG_ENABLE_OBJC_WEAK = YES;
				CLANG_WARN_BLOCK_CAPTURE_AUTORELEASING = YES;
				CLANG_WARN_BOOL_CONVERSION = YES;
				CLANG_WARN_COMMA = YES;
				CLANG_WARN_CONSTANT_CONVERSION = YES;
				CLANG_WARN_DEPRECATED_OBJC_IMPLEMENTATIONS = YES;
				CLANG_WARN_DIRECT_OBJC_ISA_USAGE = YES_ERROR;
				CLANG_WARN_DOCUMENTATION_COMMENTS = YES;
				CLANG_WARN_EMPTY_BODY = YES;
				CLANG_WARN_ENUM_CONVERSION = YES;
				CLANG_WARN_INFINITE_RECURSION = YES;
				CLANG_WARN_INT_CONVERSION = YES;
				CLANG_WARN_NON_LITERAL_NULL_CONVERSION = YES;
				CLANG_WARN_OBJC_IMPLICIT_RETAIN_SELF = YES;
				CLANG_WARN_OBJC_LITERAL_CONVERSION = YES;
				CLANG_WARN_OBJC_ROOT_CLASS = YES_ERROR;
				CLANG_WARN_RANGE_LOOP_ANALYSIS = YES;
				CLANG_WARN_STRICT_PROTOTYPES = YES;
				CLANG_WARN_SUSPICIOUS_MOVE = YES;
				CLANG_WARN_UNGUARDED_AVAILABILITY = YES_AGGRESSIVE;
				CLANG_WARN_UNREACHABLE_CODE = YES;
				CLANG_WARN__DUPLICATE_METHOD_MATCH = YES;
				COPY_PHASE_STRIP = NO;
				DEBUG_INFORMATION_FORMAT = "dwarf-with-dsym";
				ENABLE_NS_ASSERTIONS = NO;
				ENABLE_STRICT_OBJC_MSGSEND = YES;
				GCC_C_LANGUAGE_STANDARD = gnu11;
				GCC_NO_COMMON_BLOCKS = YES;
				GCC_WARN_64_TO_32_BIT_CONVERSION = YES;
				GCC_WARN_ABOUT_RETURN_TYPE = YES_ERROR;
				GCC_WARN_UNDECLARED_SELECTOR = YES;
				GCC_WARN_UNINITIALIZED_AUTOS = YES_AGGRESSIVE;
				GCC_WARN_UNUSED_FUNCTION = YES;
				GCC_WARN_UNUSED_VARIABLE = YES;
				IPHONEOS_DEPLOYMENT_TARGET = 13.1;
				MTL_ENABLE_DEBUG_INFO = NO;
				MTL_FAST_MATH = YES;
				SDKROOT = iphoneos;
				SWIFT_COMPILATION_MODE = wholemodule;
				SWIFT_OPTIMIZATION_LEVEL = "-O";
				VALIDATE_PRODUCT = YES;
			};
			name = Release;
		};
		2AFC37EB25558EA400D1733F /* Debug */ = {
			isa = XCBuildConfiguration;
			buildSettings = {
				ASSETCATALOG_COMPILER_APPICON_NAME = AppIcon;
				CODE_SIGN_STYLE = Automatic;
				DEVELOPMENT_TEAM = MKCXG9MS9M;
				INFOPLIST_FILE = MultiCollectionViewInOneVC/Info.plist;
				LD_RUNPATH_SEARCH_PATHS = (
					"$(inherited)",
					"@executable_path/Frameworks",
				);
				PRODUCT_BUNDLE_IDENTIFIER = com.ict.manna.MultiCollectionViewInOneVC;
				PRODUCT_NAME = "$(TARGET_NAME)";
				SWIFT_VERSION = 5.0;
				TARGETED_DEVICE_FAMILY = "1,2";
			};
			name = Debug;
		};
		2AFC37EC25558EA400D1733F /* Release */ = {
			isa = XCBuildConfiguration;
			buildSettings = {
				ASSETCATALOG_COMPILER_APPICON_NAME = AppIcon;
				CODE_SIGN_STYLE = Automatic;
				DEVELOPMENT_TEAM = MKCXG9MS9M;
				INFOPLIST_FILE = MultiCollectionViewInOneVC/Info.plist;
				LD_RUNPATH_SEARCH_PATHS = (
					"$(inherited)",
					"@executable_path/Frameworks",
				);
				PRODUCT_BUNDLE_IDENTIFIER = com.ict.manna.MultiCollectionViewInOneVC;
				PRODUCT_NAME = "$(TARGET_NAME)";
				SWIFT_VERSION = 5.0;
				TARGETED_DEVICE_FAMILY = "1,2";
			};
			name = Release;
		};
/* End XCBuildConfiguration section */

/* Begin XCConfigurationList section */
		2AFC37D125558E9F00D1733F /* Build configuration list for PBXProject "MultiCollectionViewInOneVC" */ = {
			isa = XCConfigurationList;
			buildConfigurations = (
				2AFC37E825558EA400D1733F /* Debug */,
				2AFC37E925558EA400D1733F /* Release */,
			);
			defaultConfigurationIsVisible = 0;
			defaultConfigurationName = Release;
		};
		2AFC37EA25558EA400D1733F /* Build configuration list for PBXNativeTarget "MultiCollectionViewInOneVC" */ = {
			isa = XCConfigurationList;
			buildConfigurations = (
				2AFC37EB25558EA400D1733F /* Debug */,
				2AFC37EC25558EA400D1733F /* Release */,
			);
			defaultConfigurationIsVisible = 0;
			defaultConfigurationName = Release;
		};
/* End XCConfigurationList section */
	};
	rootObject = 2AFC37CE25558E9F00D1733F /* Project object */;
}
